
Microsoft Visual Studio Solution File, Format Version 12.00
# Visual Studio Version 16
VisualStudioVersion = 16.0.30225.117
MinimumVisualStudioVersion = 10.0.40219.1
Project("{FAE04EC0-301F-11D3-BF4B-00C04F79EFBC}") = "Dead Cells Trainer", "Dead Cells Trainer\Dead Cells Trainer.csproj", "{CAB00F05-586C-4002-8069-FCF66DB1D471}"
EndProject
Global
	GlobalSection(SolutionConfigurationPlatforms) = preSolution
		Debug|Any CPU = Debug|Any CPU
		Release|Any CPU = Release|Any CPU
	EndGlobalSection
	GlobalSection(ProjectConfigurationPlatforms) = postSolution
		{CAB00F05-586C-4002-8069-FCF66DB1D471}.Debug|Any CPU.ActiveCfg = Debug|Any CPU
		{CAB00F05-586C-4002-8069-FCF66DB1D471}.Debug|Any CPU.Build.0 = Debug|Any CPU
		{CAB00F05-586C-4002-8069-FCF66DB1D471}.Release|Any CPU.ActiveCfg = Release|Any CPU
		{CAB00F05-586C-4002-8069-FCF66DB1D471}.Release|Any CPU.Build.0 = Release|Any CPU
	EndGlobalSection
	GlobalSection(SolutionProperties) = preSolution
		HideSolutionNode = FALSE
	EndGlobalSection
	GlobalSection(ExtensibilityGlobals) = postSolution
		SolutionGuid = {CB09DCA0-0342-4923-97F0-C9815C78B54E}
	EndGlobalSection
EndGlobal
